
Microsoft Visual Studio Solution File, Format Version 12.00
# Visual Studio 15
VisualStudioVersion = 15.0.26228.9
MinimumVisualStudioVersion = 10.0.40219.1
Project("{FAE04EC0-301F-11D3-BF4B-00C04F79EFBC}") = "Sensor", "Sensor\Sensor.csproj", "{42A8B3AF-6BA7-436D-B208-F0F08376FC4D}"
EndProject
Global
	GlobalSection(SolutionConfigurationPlatforms) = preSolution
		Debug|Any CPU = Debug|Any CPU
		Release|Any CPU = Release|Any CPU
	EndGlobalSection
	GlobalSection(ProjectConfigurationPlatforms) = postSolution
		{42A8B3AF-6BA7-436D-B208-F0F08376FC4D}.Debug|Any CPU.ActiveCfg = Debug|Any CPU
		{42A8B3AF-6BA7-436D-B208-F0F08376FC4D}.Debug|Any CPU.Build.0 = Debug|Any CPU
		{42A8B3AF-6BA7-436D-B208-F0F08376FC4D}.Release|Any CPU.ActiveCfg = Release|Any CPU
		{42A8B3AF-6BA7-436D-B208-F0F08376FC4D}.Release|Any CPU.Build.0 = Release|Any CPU
	EndGlobalSection
	GlobalSection(SolutionProperties) = preSolution
		HideSolutionNode = FALSE
	EndGlobalSection
EndGlobal
